// !$*UTF8*$!
{
	archiveVersion = 1;
	classes = {
	};
	objectVersion = 46;
	objects = {

/* Begin PBXBuildFile section */
		69C65B461F0A2C14003BE22B /* main.m in Sources */ = {isa = PBXBuildFile; fileRef = 69C65B451F0A2C14003BE22B /* main.m */; };
		69C65B491F0A2C14003BE22B /* AppDelegate.m in Sources */ = {isa = PBXBuildFile; fileRef = 69C65B481F0A2C14003BE22B /* AppDelegate.m */; };
		69C65B4C1F0A2C14003BE22B /* ViewController.m in Sources */ = {isa = PBXBuildFile; fileRef = 69C65B4B1F0A2C14003BE22B /* ViewController.m */; };
		69C65B4F1F0A2C14003BE22B /* Main.storyboard in Resources */ = {isa = PBXBuildFile; fileRef = 69C65B4D1F0A2C14003BE22B /* Main.storyboard */; };
		69C65B511F0A2C14003BE22B /* Assets.xcassets in Resources */ = {isa = PBXBuildFile; fileRef = 69C65B501F0A2C14003BE22B /* Assets.xcassets */; };
		69C65B541F0A2C14003BE22B /* LaunchScreen.storyboard in Resources */ = {isa = PBXBuildFile; fileRef = 69C65B521F0A2C14003BE22B /* LaunchScreen.storyboard */; };
		69C65B5F1F0A2C15003BE22B /* GTMTestTests.m in Sources */ = {isa = PBXBuildFile; fileRef = 69C65B5E1F0A2C15003BE22B /* GTMTestTests.m */; };
		69C65B6A1F0A2C15003BE22B /* GTMTestUITests.m in Sources */ = {isa = PBXBuildFile; fileRef = 69C65B691F0A2C15003BE22B /* GTMTestUITests.m */; };
/* End PBXBuildFile section */

/* Begin PBXContainerItemProxy section */
		69C65B5B1F0A2C15003BE22B /* PBXContainerItemProxy */ = {
			isa = PBXContainerItemProxy;
			containerPortal = 69C65B391F0A2C14003BE22B /* Project object */;
			proxyType = 1;
			remoteGlobalIDString = 69C65B401F0A2C14003BE22B;
			remoteInfo = GTMTest;
		};
		69C65B661F0A2C15003BE22B /* PBXContainerItemProxy */ = {
			isa = PBXContainerItemProxy;
			containerPortal = 69C65B391F0A2C14003BE22B /* Project object */;
			proxyType = 1;
			remoteGlobalIDString = 69C65B401F0A2C14003BE22B;
			remoteInfo = GTMTest;
		};
/* End PBXContainerItemProxy section */

/* Begin PBXFileReference section */
		69C65B411F0A2C14003BE22B /* GTMTest.app */ = {isa = PBXFileReference; explicitFileType = wrapper.application; includeInIndex = 0; path = GTMTest.app; sourceTree = BUILT_PRODUCTS_DIR; };
		69C65B451F0A2C14003BE22B /* main.m */ = {isa = PBXFileReference; lastKnownFileType = sourcecode.c.objc; path = main.m; sourceTree = "<group>"; };
		69C65B471F0A2C14003BE22B /* AppDelegate.h */ = {isa = PBXFileReference; lastKnownFileType = sourcecode.c.h; path = AppDelegate.h; sourceTree = "<group>"; };
		69C65B481F0A2C14003BE22B /* AppDelegate.m */ = {isa = PBXFileReference; lastKnownFileType = sourcecode.c.objc; path = AppDelegate.m; sourceTree = "<group>"; };
		69C65B4A1F0A2C14003BE22B /* ViewController.h */ = {isa = PBXFileReference; lastKnownFileType = sourcecode.c.h; path = ViewController.h; sourceTree = "<group>"; };
		69C65B4B1F0A2C14003BE22B /* ViewController.m */ = {isa = PBXFileReference; lastKnownFileType = sourcecode.c.objc; path = ViewController.m; sourceTree = "<group>"; };
		69C65B4E1F0A2C14003BE22B /* Base */ = {isa = PBXFileReference; lastKnownFileType = file.storyboard; name = Base; path = Base.lproj/Main.storyboard; sourceTree = "<group>"; };
		69C65B501F0A2C14003BE22B /* Assets.xcassets */ = {isa = PBXFileReference; lastKnownFileType = folder.assetcatalog; path = Assets.xcassets; sourceTree = "<group>"; };
		69C65B531F0A2C14003BE22B /* Base */ = {isa = PBXFileReference; lastKnownFileType = file.storyboard; name = Base; path = Base.lproj/LaunchScreen.storyboard; sourceTree = "<group>"; };
		69C65B551F0A2C14003BE22B /* Info.plist */ = {isa = PBXFileReference; lastKnownFileType = text.plist.xml; path = Info.plist; sourceTree = "<group>"; };
		69C65B5A1F0A2C15003BE22B /* GTMTestTests.xctest */ = {isa = PBXFileReference; explicitFileType = wrapper.cfbundle; includeInIndex = 0; path = GTMTestTests.xctest; sourceTree = BUILT_PRODUCTS_DIR; };
		69C65B5E1F0A2C15003BE22B /* GTMTestTests.m */ = {isa = PBXFileReference; lastKnownFileType = sourcecode.c.objc; path = GTMTestTests.m; sourceTree = "<group>"; };
		69C65B601F0A2C15003BE22B /* Info.plist */ = {isa = PBXFileReference; lastKnownFileType = text.plist.xml; path = Info.plist; sourceTree = "<group>"; };
		69C65B651F0A2C15003BE22B /* GTMTestUITests.xctest */ = {isa = PBXFileReference; explicitFileType = wrapper.cfbundle; includeInIndex = 0; path = GTMTestUITests.xctest; sourceTree = BUILT_PRODUCTS_DIR; };
		69C65B691F0A2C15003BE22B /* GTMTestUITests.m */ = {isa = PBXFileReference; lastKnownFileType = sourcecode.c.objc; path = GTMTestUITests.m; sourceTree = "<group>"; };
		69C65B6B1F0A2C15003BE22B /* Info.plist */ = {isa = PBXFileReference; lastKnownFileType = text.plist.xml; path = Info.plist; sourceTree = "<group>"; };
/* End PBXFileReference section */

/* Begin PBXFrameworksBuildPhase section */
		69C65B3E1F0A2C14003BE22B /* Frameworks */ = {
			isa = PBXFrameworksBuildPhase;
			buildActionMask = 2147483647;
			files = (
			);
			runOnlyForDeploymentPostprocessing = 0;
		};
		69C65B571F0A2C15003BE22B /* Frameworks */ = {
			isa = PBXFrameworksBuildPhase;
			buildActionMask = 2147483647;
			files = (
			);
			runOnlyForDeploymentPostprocessing = 0;
		};
		69C65B621F0A2C15003BE22B /* Frameworks */ = {
			isa = PBXFrameworksBuildPhase;
			buildActionMask = 2147483647;
			files = (
			);
			runOnlyForDeploymentPostprocessing = 0;
		};
/* End PBXFrameworksBuildPhase section */

/* Begin PBXGroup section */
		69C65B381F0A2C14003BE22B = {
			isa = PBXGroup;
			children = (
				69C65B431F0A2C14003BE22B /* GTMTest */,
				69C65B5D1F0A2C15003BE22B /* GTMTestTests */,
				69C65B681F0A2C15003BE22B /* GTMTestUITests */,
				69C65B421F0A2C14003BE22B /* Products */,
			);
			sourceTree = "<group>";
		};
		69C65B421F0A2C14003BE22B /* Products */ = {
			isa = PBXGroup;
			children = (
				69C65B411F0A2C14003BE22B /* GTMTest.app */,
				69C65B5A1F0A2C15003BE22B /* GTMTestTests.xctest */,
				69C65B651F0A2C15003BE22B /* GTMTestUITests.xctest */,
			);
			name = Products;
			sourceTree = "<group>";
		};
		69C65B431F0A2C14003BE22B /* GTMTest */ = {
			isa = PBXGroup;
			children = (
				69C65B471F0A2C14003BE22B /* AppDelegate.h */,
				69C65B481F0A2C14003BE22B /* AppDelegate.m */,
				69C65B4A1F0A2C14003BE22B /* ViewController.h */,
				69C65B4B1F0A2C14003BE22B /* ViewController.m */,
				69C65B4D1F0A2C14003BE22B /* Main.storyboard */,
				69C65B501F0A2C14003BE22B /* Assets.xcassets */,
				69C65B521F0A2C14003BE22B /* LaunchScreen.storyboard */,
				69C65B551F0A2C14003BE22B /* Info.plist */,
				69C65B441F0A2C14003BE22B /* Supporting Files */,
			);
			path = GTMTest;
			sourceTree = "<group>";
		};
		69C65B441F0A2C14003BE22B /* Supporting Files */ = {
			isa = PBXGroup;
			children = (
				69C65B451F0A2C14003BE22B /* main.m */,
			);
			name = "Supporting Files";
			sourceTree = "<group>";
		};
		69C65B5D1F0A2C15003BE22B /* GTMTestTests */ = {
			isa = PBXGroup;
			children = (
				69C65B5E1F0A2C15003BE22B /* GTMTestTests.m */,
				69C65B601F0A2C15003BE22B /* Info.plist */,
			);
			path = GTMTestTests;
			sourceTree = "<group>";
		};
		69C65B681F0A2C15003BE22B /* GTMTestUITests */ = {
			isa = PBXGroup;
			children = (
				69C65B691F0A2C15003BE22B /* GTMTestUITests.m */,
				69C65B6B1F0A2C15003BE22B /* Info.plist */,
			);
			path = GTMTestUITests;
			sourceTree = "<group>";
		};
/* End PBXGroup section */

/* Begin PBXNativeTarget section */
		69C65B401F0A2C14003BE22B /* GTMTest */ = {
			isa = PBXNativeTarget;
			buildConfigurationList = 69C65B6E1F0A2C15003BE22B /* Build configuration list for PBXNativeTarget "GTMTest" */;
			buildPhases = (
				69C65B3D1F0A2C14003BE22B /* Sources */,
				69C65B3E1F0A2C14003BE22B /* Frameworks */,
				69C65B3F1F0A2C14003BE22B /* Resources */,
			);
			buildRules = (
			);
			dependencies = (
			);
			name = GTMTest;
			productName = GTMTest;
			productReference = 69C65B411F0A2C14003BE22B /* GTMTest.app */;
			productType = "com.apple.product-type.application";
		};
		69C65B591F0A2C15003BE22B /* GTMTestTests */ = {
			isa = PBXNativeTarget;
			buildConfigurationList = 69C65B711F0A2C15003BE22B /* Build configuration list for PBXNativeTarget "GTMTestTests" */;
			buildPhases = (
				69C65B561F0A2C15003BE22B /* Sources */,
				69C65B571F0A2C15003BE22B /* Frameworks */,
				69C65B581F0A2C15003BE22B /* Resources */,
			);
			buildRules = (
			);
			dependencies = (
				69C65B5C1F0A2C15003BE22B /* PBXTargetDependency */,
			);
			name = GTMTestTests;
			productName = GTMTestTests;
			productReference = 69C65B5A1F0A2C15003BE22B /* GTMTestTests.xctest */;
			productType = "com.apple.product-type.bundle.unit-test";
		};
		69C65B641F0A2C15003BE22B /* GTMTestUITests */ = {
			isa = PBXNativeTarget;
			buildConfigurationList = 69C65B741F0A2C15003BE22B /* Build configuration list for PBXNativeTarget "GTMTestUITests" */;
			buildPhases = (
				69C65B611F0A2C15003BE22B /* Sources */,
				69C65B621F0A2C15003BE22B /* Frameworks */,
				69C65B631F0A2C15003BE22B /* Resources */,
			);
			buildRules = (
			);
			dependencies = (
				69C65B671F0A2C15003BE22B /* PBXTargetDependency */,
			);
			name = GTMTestUITests;
			productName = GTMTestUITests;
			productReference = 69C65B651F0A2C15003BE22B /* GTMTestUITests.xctest */;
			productType = "com.apple.product-type.bundle.ui-testing";
		};
/* End PBXNativeTarget section */

/* Begin PBXProject section */
		69C65B391F0A2C14003BE22B /* Project object */ = {
			isa = PBXProject;
			attributes = {
				LastUpgradeCheck = 0830;
				ORGANIZATIONNAME = FighterRay;
				TargetAttributes = {
					69C65B401F0A2C14003BE22B = {
						CreatedOnToolsVersion = 8.3.3;
						ProvisioningStyle = Automatic;
					};
					69C65B591F0A2C15003BE22B = {
						CreatedOnToolsVersion = 8.3.3;
						ProvisioningStyle = Automatic;
						TestTargetID = 69C65B401F0A2C14003BE22B;
					};
					69C65B641F0A2C15003BE22B = {
						CreatedOnToolsVersion = 8.3.3;
						ProvisioningStyle = Automatic;
						TestTargetID = 69C65B401F0A2C14003BE22B;
					};
				};
			};
			buildConfigurationList = 69C65B3C1F0A2C14003BE22B /* Build configuration list for PBXProject "GTMTest" */;
			compatibilityVersion = "Xcode 3.2";
			developmentRegion = English;
			hasScannedForEncodings = 0;
			knownRegions = (
				en,
				Base,
			);
			mainGroup = 69C65B381F0A2C14003BE22B;
			productRefGroup = 69C65B421F0A2C14003BE22B /* Products */;
			projectDirPath = "";
			projectRoot = "";
			targets = (
				69C65B401F0A2C14003BE22B /* GTMTest */,
				69C65B591F0A2C15003BE22B /* GTMTestTests */,
				69C65B641F0A2C15003BE22B /* GTMTestUITests */,
			);
		};
/* End PBXProject section */

/* Begin PBXResourcesBuildPhase section */
		69C65B3F1F0A2C14003BE22B /* Resources */ = {
			isa = PBXResourcesBuildPhase;
			buildActionMask = 2147483647;
			files = (
				69C65B541F0A2C14003BE22B /* LaunchScreen.storyboard in Resources */,
				69C65B511F0A2C14003BE22B /* Assets.xcassets in Resources */,
				69C65B4F1F0A2C14003BE22B /* Main.storyboard in Resources */,
			);
			runOnlyForDeploymentPostprocessing = 0;
		};
		69C65B581F0A2C15003BE22B /* Resources */ = {
			isa = PBXResourcesBuildPhase;
			buildActionMask = 2147483647;
			files = (
			);
			runOnlyForDeploymentPostprocessing = 0;
		};
		69C65B631F0A2C15003BE22B /* Resources */ = {
			isa = PBXResourcesBuildPhase;
			buildActionMask = 2147483647;
			files = (
			);
			runOnlyForDeploymentPostprocessing = 0;
		};
/* End PBXResourcesBuildPhase section */

/* Begin PBXSourcesBuildPhase section */
		69C65B3D1F0A2C14003BE22B /* Sources */ = {
			isa = PBXSourcesBuildPhase;
			buildActionMask = 2147483647;
			files = (
				69C65B4C1F0A2C14003BE22B /* ViewController.m in Sources */,
				69C65B491F0A2C14003BE22B /* AppDelegate.m in Sources */,
				69C65B461F0A2C14003BE22B /* main.m in Sources */,
			);
			runOnlyForDeploymentPostprocessing = 0;
		};
		69C65B561F0A2C15003BE22B /* Sources */ = {
			isa = PBXSourcesBuildPhase;
			buildActionMask = 2147483647;
			files = (
				69C65B5F1F0A2C15003BE22B /* GTMTestTests.m in Sources */,
			);
			runOnlyForDeploymentPostprocessing = 0;
		};
		69C65B611F0A2C15003BE22B /* Sources */ = {
			isa = PBXSourcesBuildPhase;
			buildActionMask = 2147483647;
			files = (
				69C65B6A1F0A2C15003BE22B /* GTMTestUITests.m in Sources */,
			);
			runOnlyForDeploymentPostprocessing = 0;
		};
/* End PBXSourcesBuildPhase section */

/* Begin PBXTargetDependency section */
		69C65B5C1F0A2C15003BE22B /* PBXTargetDependency */ = {
			isa = PBXTargetDependency;
			target = 69C65B401F0A2C14003BE22B /* GTMTest */;
			targetProxy = 69C65B5B1F0A2C15003BE22B /* PBXContainerItemProxy */;
		};
		69C65B671F0A2C15003BE22B /* PBXTargetDependency */ = {
			isa = PBXTargetDependency;
			target = 69C65B401F0A2C14003BE22B /* GTMTest */;
			targetProxy = 69C65B661F0A2C15003BE22B /* PBXContainerItemProxy */;
		};
/* End PBXTargetDependency section */

/* Begin PBXVariantGroup section */
		69C65B4D1F0A2C14003BE22B /* Main.storyboard */ = {
			isa = PBXVariantGroup;
			children = (
				69C65B4E1F0A2C14003BE22B /* Base */,
			);
			name = Main.storyboard;
			sourceTree = "<group>";
		};
		69C65B521F0A2C14003BE22B /* LaunchScreen.storyboard */ = {
			isa = PBXVariantGroup;
			children = (
				69C65B531F0A2C14003BE22B /* Base */,
			);
			name = LaunchScreen.storyboard;
			sourceTree = "<group>";
		};
/* End PBXVariantGroup section */

/* Begin XCBuildConfiguration section */
		69C65B6C1F0A2C15003BE22B /* Debug */ = {
			isa = XCBuildConfiguration;
			buildSettings = {
				ALWAYS_SEARCH_USER_PATHS = NO;
				CLANG_ANALYZER_NONNULL = YES;
				CLANG_ANALYZER_NUMBER_OBJECT_CONVERSION = YES_AGGRESSIVE;
				CLANG_CXX_LANGUAGE_STANDARD = "gnu++0x";
				CLANG_CXX_LIBRARY = "libc++";
				CLANG_ENABLE_MODULES = YES;
				CLANG_ENABLE_OBJC_ARC = YES;
				CLANG_WARN_BOOL_CONVERSION = YES;
				CLANG_WARN_CONSTANT_CONVERSION = YES;
				CLANG_WARN_DIRECT_OBJC_ISA_USAGE = YES_ERROR;
				CLANG_WARN_DOCUMENTATION_COMMENTS = YES;
				CLANG_WARN_EMPTY_BODY = YES;
				CLANG_WARN_ENUM_CONVERSION = YES;
				CLANG_WARN_INFINITE_RECURSION = YES;
				CLANG_WARN_INT_CONVERSION = YES;
				CLANG_WARN_OBJC_ROOT_CLASS = YES_ERROR;
				CLANG_WARN_SUSPICIOUS_MOVE = YES;
				CLANG_WARN_UNREACHABLE_CODE = YES;
				CLANG_WARN__DUPLICATE_METHOD_MATCH = YES;
				"CODE_SIGN_IDENTITY[sdk=iphoneos*]" = "iPhone Developer";
				COPY_PHASE_STRIP = NO;
				DEBUG_INFORMATION_FORMAT = dwarf;
				ENABLE_STRICT_OBJC_MSGSEND = YES;
				ENABLE_TESTABILITY = YES;
				GCC_C_LANGUAGE_STANDARD = gnu99;
				GCC_DYNAMIC_NO_PIC = NO;
				GCC_NO_COMMON_BLOCKS = YES;
				GCC_OPTIMIZATION_LEVEL = 0;
				GCC_PREPROCESSOR_DEFINITIONS = (
					"DEBUG=1",
					"$(inherited)",
				);
				GCC_WARN_64_TO_32_BIT_CONVERSION = YES;
				GCC_WARN_ABOUT_RETURN_TYPE = YES_ERROR;
				GCC_WARN_UNDECLARED_SELECTOR = YES;
				GCC_WARN_UNINITIALIZED_AUTOS = YES_AGGRESSIVE;
				GCC_WARN_UNUSED_FUNCTION = YES;
				GCC_WARN_UNUSED_VARIABLE = YES;
				IPHONEOS_DEPLOYMENT_TARGET = 10.3;
				MTL_ENABLE_DEBUG_INFO = YES;
				ONLY_ACTIVE_ARCH = YES;
				SDKROOT = iphoneos;
				TARGETED_DEVICE_FAMILY = "1,2";
			};
			name = Debug;
		};
		69C65B6D1F0A2C15003BE22B /* Release */ = {
			isa = XCBuildConfiguration;
			buildSettings = {
				ALWAYS_SEARCH_USER_PATHS = NO;
				CLANG_ANALYZER_NONNULL = YES;
				CLANG_ANALYZER_NUMBER_OBJECT_CONVERSION = YES_AGGRESSIVE;
				CLANG_CXX_LANGUAGE_STANDARD = "gnu++0x";
				CLANG_CXX_LIBRARY = "libc++";
				CLANG_ENABLE_MODULES = YES;
				CLANG_ENABLE_OBJC_ARC = YES;
				CLANG_WARN_BOOL_CONVERSION = YES;
				CLANG_WARN_CONSTANT_CONVERSION = YES;
				CLANG_WARN_DIRECT_OBJC_ISA_USAGE = YES_ERROR;
				CLANG_WARN_DOCUMENTATION_COMMENTS = YES;
				CLANG_WARN_EMPTY_BODY = YES;
				CLANG_WARN_ENUM_CONVERSION = YES;
				CLANG_WARN_INFINITE_RECURSION = YES;
				CLANG_WARN_INT_CONVERSION = YES;
				CLANG_WARN_OBJC_ROOT_CLASS = YES_ERROR;
				CLANG_WARN_SUSPICIOUS_MOVE = YES;
				CLANG_WARN_UNREACHABLE_CODE = YES;
				CLANG_WARN__DUPLICATE_METHOD_MATCH = YES;
				"CODE_SIGN_IDENTITY[sdk=iphoneos*]" = "iPhone Developer";
				COPY_PHASE_STRIP = NO;
				DEBUG_INFORMATION_FORMAT = "dwarf-with-dsym";
				ENABLE_NS_ASSERTIONS = NO;
				ENABLE_STRICT_OBJC_MSGSEND = YES;
				GCC_C_LANGUAGE_STANDARD = gnu99;
				GCC_NO_COMMON_BLOCKS = YES;
				GCC_WARN_64_TO_32_BIT_CONVERSION = YES;
				GCC_WARN_ABOUT_RETURN_TYPE = YES_ERROR;
				GCC_WARN_UNDECLARED_SELECTOR = YES;
				GCC_WARN_UNINITIALIZED_AUTOS = YES_AGGRESSIVE;
				GCC_WARN_UNUSED_FUNCTION = YES;
				GCC_WARN_UNUSED_VARIABLE = YES;
				IPHONEOS_DEPLOYMENT_TARGET = 10.3;
				MTL_ENABLE_DEBUG_INFO = NO;
				SDKROOT = iphoneos;
				TARGETED_DEVICE_FAMILY = "1,2";
				VALIDATE_PRODUCT = YES;
			};
			name = Release;
		};
		69C65B6F1F0A2C15003BE22B /* Debug */ = {
			isa = XCBuildConfiguration;
			buildSettings = {
				ASSETCATALOG_COMPILER_APPICON_NAME = AppIcon;
				INFOPLIST_FILE = GTMTest/Info.plist;
				LD_RUNPATH_SEARCH_PATHS = "$(inherited) @executable_path/Frameworks";
				PRODUCT_BUNDLE_IDENTIFIER = com.fighterray.GTMTest;
				PRODUCT_NAME = "$(TARGET_NAME)";
			};
			name = Debug;
		};
		69C65B701F0A2C15003BE22B /* Release */ = {
			isa = XCBuildConfiguration;
			buildSettings = {
				ASSETCATALOG_COMPILER_APPICON_NAME = AppIcon;
				INFOPLIST_FILE = GTMTest/Info.plist;
				LD_RUNPATH_SEARCH_PATHS = "$(inherited) @executable_path/Frameworks";
				PRODUCT_BUNDLE_IDENTIFIER = com.fighterray.GTMTest;
				PRODUCT_NAME = "$(TARGET_NAME)";
			};
			name = Release;
		};
		69C65B721F0A2C15003BE22B /* Debug */ = {
			isa = XCBuildConfiguration;
			buildSettings = {
				BUNDLE_LOADER = "$(TEST_HOST)";
				INFOPLIST_FILE = GTMTestTests/Info.plist;
				LD_RUNPATH_SEARCH_PATHS = "$(inherited) @executable_path/Frameworks @loader_path/Frameworks";
				PRODUCT_BUNDLE_IDENTIFIER = com.fighterray.GTMTestTests;
				PRODUCT_NAME = "$(TARGET_NAME)";
				TEST_HOST = "$(BUILT_PRODUCTS_DIR)/GTMTest.app/GTMTest";
			};
			name = Debug;
		};
		69C65B731F0A2C15003BE22B /* Release */ = {
			isa = XCBuildConfiguration;
			buildSettings = {
				BUNDLE_LOADER = "$(TEST_HOST)";
				INFOPLIST_FILE = GTMTestTests/Info.plist;
				LD_RUNPATH_SEARCH_PATHS = "$(inherited) @executable_path/Frameworks @loader_path/Frameworks";
				PRODUCT_BUNDLE_IDENTIFIER = com.fighterray.GTMTestTests;
				PRODUCT_NAME = "$(TARGET_NAME)";
				TEST_HOST = "$(BUILT_PRODUCTS_DIR)/GTMTest.app/GTMTest";
			};
			name = Release;
		};
		69C65B751F0A2C15003BE22B /* Debug */ = {
			isa = XCBuildConfiguration;
			buildSettings = {
				INFOPLIST_FILE = GTMTestUITests/Info.plist;
				LD_RUNPATH_SEARCH_PATHS = "$(inherited) @executable_path/Frameworks @loader_path/Frameworks";
				PRODUCT_BUNDLE_IDENTIFIER = com.fighterray.GTMTestUITests;
				PRODUCT_NAME = "$(TARGET_NAME)";
				TEST_TARGET_NAME = GTMTest;
			};
			name = Debug;
		};
		69C65B761F0A2C15003BE22B /* Release */ = {
			isa = XCBuildConfiguration;
			buildSettings = {
				INFOPLIST_FILE = GTMTestUITests/Info.plist;
				LD_RUNPATH_SEARCH_PATHS = "$(inherited) @executable_path/Frameworks @loader_path/Frameworks";
				PRODUCT_BUNDLE_IDENTIFIER = com.fighterray.GTMTestUITests;
				PRODUCT_NAME = "$(TARGET_NAME)";
				TEST_TARGET_NAME = GTMTest;
			};
			name = Release;
		};
/* End XCBuildConfiguration section */

/* Begin XCConfigurationList section */
		69C65B3C1F0A2C14003BE22B /* Build configuration list for PBXProject "GTMTest" */ = {
			isa = XCConfigurationList;
			buildConfigurations = (
				69C65B6C1F0A2C15003BE22B /* Debug */,
				69C65B6D1F0A2C15003BE22B /* Release */,
			);
			defaultConfigurationIsVisible = 0;
			defaultConfigurationName = Release;
		};
		69C65B6E1F0A2C15003BE22B /* Build configuration list for PBXNativeTarget "GTMTest" */ = {
			isa = XCConfigurationList;
			buildConfigurations = (
				69C65B6F1F0A2C15003BE22B /* Debug */,
				69C65B701F0A2C15003BE22B /* Release */,
			);
			defaultConfigurationIsVisible = 0;
		};
		69C65B711F0A2C15003BE22B /* Build configuration list for PBXNativeTarget "GTMTestTests" */ = {
			isa = XCConfigurationList;
			buildConfigurations = (
				69C65B721F0A2C15003BE22B /* Debug */,
				69C65B731F0A2C15003BE22B /* Release */,
			);
			defaultConfigurationIsVisible = 0;
		};
		69C65B741F0A2C15003BE22B /* Build configuration list for PBXNativeTarget "GTMTestUITests" */ = {
			isa = XCConfigurationList;
			buildConfigurations = (
				69C65B751F0A2C15003BE22B /* Debug */,
				69C65B761F0A2C15003BE22B /* Release */,
			);
			defaultConfigurationIsVisible = 0;
		};
/* End XCConfigurationList section */
	};
	rootObject = 69C65B391F0A2C14003BE22B /* Project object */;
}
